
Microsoft Visual Studio Solution File, Format Version 12.00
# Visual Studio Version 17
VisualStudioVersion = 17.13.35913.81 d17.13
MinimumVisualStudioVersion = 10.0.40219.1
Project("{FAE04EC0-301F-11D3-BF4B-00C04F79EFBC}") = "WebApplication1", "WebApplication1.csproj", "{D579AF33-DA79-4370-B161-1BA0E418F82E}"
EndProject
Global
	GlobalSection(SolutionConfigurationPlatforms) = preSolution
		Debug|Any CPU = Debug|Any CPU
		Release|Any CPU = Release|Any CPU
	EndGlobalSection
	GlobalSection(ProjectConfigurationPlatforms) = postSolution
		{D579AF33-DA79-4370-B161-1BA0E418F82E}.Debug|Any CPU.ActiveCfg = Debug|Any CPU
		{D579AF33-DA79-4370-B161-1BA0E418F82E}.Debug|Any CPU.Build.0 = Debug|Any CPU
		{D579AF33-DA79-4370-B161-1BA0E418F82E}.Release|Any CPU.ActiveCfg = Release|Any CPU
		{D579AF33-DA79-4370-B161-1BA0E418F82E}.Release|Any CPU.Build.0 = Release|Any CPU
	EndGlobalSection
	GlobalSection(SolutionProperties) = preSolution
		HideSolutionNode = FALSE
	EndGlobalSection
	GlobalSection(ExtensibilityGlobals) = postSolution
		SolutionGuid = {D24CD7C4-3F9B-406D-9751-CA2F9292854B}
	EndGlobalSection
EndGlobal
